
Microsoft Visual Studio Solution File, Format Version 12.00
# Visual Studio Version 17
VisualStudioVersion = 17.2.32505.173
MinimumVisualStudioVersion = 10.0.40219.1
Project("{9A19103F-16F7-4668-BE54-9A1E7A4F7556}") = "MarketingCoinBase", "MarketingCoinBase\MarketingCoinBase.csproj", "{FF1732AC-64A3-4427-9361-F6CA2299FDA7}"
EndProject
Global
	GlobalSection(SolutionConfigurationPlatforms) = preSolution
		Debug|Any CPU = Debug|Any CPU
		Release|Any CPU = Release|Any CPU
	EndGlobalSection
	GlobalSection(ProjectConfigurationPlatforms) = postSolution
		{FF1732AC-64A3-4427-9361-F6CA2299FDA7}.Debug|Any CPU.ActiveCfg = Debug|Any CPU
		{FF1732AC-64A3-4427-9361-F6CA2299FDA7}.Debug|Any CPU.Build.0 = Debug|Any CPU
		{FF1732AC-64A3-4427-9361-F6CA2299FDA7}.Release|Any CPU.ActiveCfg = Release|Any CPU
		{FF1732AC-64A3-4427-9361-F6CA2299FDA7}.Release|Any CPU.Build.0 = Release|Any CPU
	EndGlobalSection
	GlobalSection(SolutionProperties) = preSolution
		HideSolutionNode = FALSE
	EndGlobalSection
	GlobalSection(ExtensibilityGlobals) = postSolution
		SolutionGuid = {788065A6-4932-479F-91C9-B450DA1F5201}
	EndGlobalSection
EndGlobal
